// !$*UTF8*$!
{
	archiveVersion = 1;
	classes = {
	};
	objectVersion = 46;
	objects = {

/* Begin PBXBuildFile section */
		84589AD81E6EC03E001C5EAA /* Piece.swift in Sources */ = {isa = PBXBuildFile; fileRef = 84589AD71E6EC03E001C5EAA /* Piece.swift */; };
		848D9A4A1E6E56DF00666261 /* AppDelegate.swift in Sources */ = {isa = PBXBuildFile; fileRef = 848D9A491E6E56DF00666261 /* AppDelegate.swift */; };
		848D9A4C1E6E56DF00666261 /* ViewController.swift in Sources */ = {isa = PBXBuildFile; fileRef = 848D9A4B1E6E56DF00666261 /* ViewController.swift */; };
		848D9A4F1E6E56DF00666261 /* Main.storyboard in Resources */ = {isa = PBXBuildFile; fileRef = 848D9A4D1E6E56DF00666261 /* Main.storyboard */; };
		848D9A511E6E56DF00666261 /* Assets.xcassets in Resources */ = {isa = PBXBuildFile; fileRef = 848D9A501E6E56DF00666261 /* Assets.xcassets */; };
		848D9A541E6E56DF00666261 /* LaunchScreen.storyboard in Resources */ = {isa = PBXBuildFile; fileRef = 848D9A521E6E56DF00666261 /* LaunchScreen.storyboard */; };
		848D9A5C1E6E693F00666261 /* Cell.swift in Sources */ = {isa = PBXBuildFile; fileRef = 848D9A5B1E6E693F00666261 /* Cell.swift */; };
		848D9A5E1E6E696500666261 /* Board.swift in Sources */ = {isa = PBXBuildFile; fileRef = 848D9A5D1E6E696500666261 /* Board.swift */; };
		848D9A621E6E6ED100666261 /* ChessManage.swift in Sources */ = {isa = PBXBuildFile; fileRef = 848D9A611E6E6ED100666261 /* ChessManage.swift */; };
/* End PBXBuildFile section */

/* Begin PBXFileReference section */
		84589AD71E6EC03E001C5EAA /* Piece.swift */ = {isa = PBXFileReference; fileEncoding = 4; lastKnownFileType = sourcecode.swift; path = Piece.swift; sourceTree = "<group>"; };
		848D9A461E6E56DE00666261 /* GameCoVua.app */ = {isa = PBXFileReference; explicitFileType = wrapper.application; includeInIndex = 0; path = GameCoVua.app; sourceTree = BUILT_PRODUCTS_DIR; };
		848D9A491E6E56DF00666261 /* AppDelegate.swift */ = {isa = PBXFileReference; lastKnownFileType = sourcecode.swift; path = AppDelegate.swift; sourceTree = "<group>"; };
		848D9A4B1E6E56DF00666261 /* ViewController.swift */ = {isa = PBXFileReference; lastKnownFileType = sourcecode.swift; path = ViewController.swift; sourceTree = "<group>"; };
		848D9A4E1E6E56DF00666261 /* Base */ = {isa = PBXFileReference; lastKnownFileType = file.storyboard; name = Base; path = Base.lproj/Main.storyboard; sourceTree = "<group>"; };
		848D9A501E6E56DF00666261 /* Assets.xcassets */ = {isa = PBXFileReference; lastKnownFileType = folder.assetcatalog; path = Assets.xcassets; sourceTree = "<group>"; };
		848D9A531E6E56DF00666261 /* Base */ = {isa = PBXFileReference; lastKnownFileType = file.storyboard; name = Base; path = Base.lproj/LaunchScreen.storyboard; sourceTree = "<group>"; };
		848D9A551E6E56DF00666261 /* Info.plist */ = {isa = PBXFileReference; lastKnownFileType = text.plist.xml; path = Info.plist; sourceTree = "<group>"; };
		848D9A5B1E6E693F00666261 /* Cell.swift */ = {isa = PBXFileReference; fileEncoding = 4; lastKnownFileType = sourcecode.swift; path = Cell.swift; sourceTree = "<group>"; };
		848D9A5D1E6E696500666261 /* Board.swift */ = {isa = PBXFileReference; fileEncoding = 4; lastKnownFileType = sourcecode.swift; path = Board.swift; sourceTree = "<group>"; };
		848D9A611E6E6ED100666261 /* ChessManage.swift */ = {isa = PBXFileReference; fileEncoding = 4; lastKnownFileType = sourcecode.swift; path = ChessManage.swift; sourceTree = "<group>"; };
/* End PBXFileReference section */

/* Begin PBXFrameworksBuildPhase section */
		848D9A431E6E56DE00666261 /* Frameworks */ = {
			isa = PBXFrameworksBuildPhase;
			buildActionMask = 2147483647;
			files = (
			);
			runOnlyForDeploymentPostprocessing = 0;
		};
/* End PBXFrameworksBuildPhase section */

/* Begin PBXGroup section */
		848D9A3D1E6E56DE00666261 = {
			isa = PBXGroup;
			children = (
				848D9A481E6E56DF00666261 /* GameCoVua */,
				848D9A471E6E56DE00666261 /* Products */,
			);
			sourceTree = "<group>";
		};
		848D9A471E6E56DE00666261 /* Products */ = {
			isa = PBXGroup;
			children = (
				848D9A461E6E56DE00666261 /* GameCoVua.app */,
			);
			name = Products;
			sourceTree = "<group>";
		};
		848D9A481E6E56DF00666261 /* GameCoVua */ = {
			isa = PBXGroup;
			children = (
				848D9A491E6E56DF00666261 /* AppDelegate.swift */,
				848D9A4B1E6E56DF00666261 /* ViewController.swift */,
				848D9A5B1E6E693F00666261 /* Cell.swift */,
				848D9A5D1E6E696500666261 /* Board.swift */,
				848D9A611E6E6ED100666261 /* ChessManage.swift */,
				848D9A4D1E6E56DF00666261 /* Main.storyboard */,
				848D9A501E6E56DF00666261 /* Assets.xcassets */,
				848D9A521E6E56DF00666261 /* LaunchScreen.storyboard */,
				848D9A551E6E56DF00666261 /* Info.plist */,
				84589AD71E6EC03E001C5EAA /* Piece.swift */,
			);
			path = GameCoVua;
			sourceTree = "<group>";
		};
/* End PBXGroup section */

/* Begin PBXNativeTarget section */
		848D9A451E6E56DE00666261 /* GameCoVua */ = {
			isa = PBXNativeTarget;
			buildConfigurationList = 848D9A581E6E56DF00666261 /* Build configuration list for PBXNativeTarget "GameCoVua" */;
			buildPhases = (
				848D9A421E6E56DE00666261 /* Sources */,
				848D9A431E6E56DE00666261 /* Frameworks */,
				848D9A441E6E56DE00666261 /* Resources */,
			);
			buildRules = (
			);
			dependencies = (
			);
			name = GameCoVua;
			productName = GameCoVua;
			productReference = 848D9A461E6E56DE00666261 /* GameCoVua.app */;
			productType = "com.apple.product-type.application";
		};
/* End PBXNativeTarget section */

/* Begin PBXProject section */
		848D9A3E1E6E56DE00666261 /* Project object */ = {
			isa = PBXProject;
			attributes = {
				LastSwiftUpdateCheck = 0730;
				LastUpgradeCheck = 0730;
				ORGANIZATIONNAME = Admin;
				TargetAttributes = {
					848D9A451E6E56DE00666261 = {
						CreatedOnToolsVersion = 7.3.1;
					};
				};
			};
			buildConfigurationList = 848D9A411E6E56DE00666261 /* Build configuration list for PBXProject "GameCoVua" */;
			compatibilityVersion = "Xcode 3.2";
			developmentRegion = English;
			hasScannedForEncodings = 0;
			knownRegions = (
				en,
				Base,
			);
			mainGroup = 848D9A3D1E6E56DE00666261;
			productRefGroup = 848D9A471E6E56DE00666261 /* Products */;
			projectDirPath = "";
			projectRoot = "";
			targets = (
				848D9A451E6E56DE00666261 /* GameCoVua */,
			);
		};
/* End PBXProject section */

/* Begin PBXResourcesBuildPhase section */
		848D9A441E6E56DE00666261 /* Resources */ = {
			isa = PBXResourcesBuildPhase;
			buildActionMask = 2147483647;
			files = (
				848D9A541E6E56DF00666261 /* LaunchScreen.storyboard in Resources */,
				848D9A511E6E56DF00666261 /* Assets.xcassets in Resources */,
				848D9A4F1E6E56DF00666261 /* Main.storyboard in Resources */,
			);
			runOnlyForDeploymentPostprocessing = 0;
		};
/* End PBXResourcesBuildPhase section */

/* Begin PBXSourcesBuildPhase section */
		848D9A421E6E56DE00666261 /* Sources */ = {
			isa = PBXSourcesBuildPhase;
			buildActionMask = 2147483647;
			files = (
				848D9A4C1E6E56DF00666261 /* ViewController.swift in Sources */,
				848D9A621E6E6ED100666261 /* ChessManage.swift in Sources */,
				84589AD81E6EC03E001C5EAA /* Piece.swift in Sources */,
				848D9A4A1E6E56DF00666261 /* AppDelegate.swift in Sources */,
				848D9A5E1E6E696500666261 /* Board.swift in Sources */,
				848D9A5C1E6E693F00666261 /* Cell.swift in Sources */,
			);
			runOnlyForDeploymentPostprocessing = 0;
		};
/* End PBXSourcesBuildPhase section */

/* Begin PBXVariantGroup section */
		848D9A4D1E6E56DF00666261 /* Main.storyboard */ = {
			isa = PBXVariantGroup;
			children = (
				848D9A4E1E6E56DF00666261 /* Base */,
			);
			name = Main.storyboard;
			sourceTree = "<group>";
		};
		848D9A521E6E56DF00666261 /* LaunchScreen.storyboard */ = {
			isa = PBXVariantGroup;
			children = (
				848D9A531E6E56DF00666261 /* Base */,
			);
			name = LaunchScreen.storyboard;
			sourceTree = "<group>";
		};
/* End PBXVariantGroup section */

/* Begin XCBuildConfiguration section */
		848D9A561E6E56DF00666261 /* Debug */ = {
			isa = XCBuildConfiguration;
			buildSettings = {
				ALWAYS_SEARCH_USER_PATHS = NO;
				CLANG_ANALYZER_NONNULL = YES;
				CLANG_CXX_LANGUAGE_STANDARD = "gnu++0x";
				CLANG_CXX_LIBRARY = "libc++";
				CLANG_ENABLE_MODULES = YES;
				CLANG_ENABLE_OBJC_ARC = YES;
				CLANG_WARN_BOOL_CONVERSION = YES;
				CLANG_WARN_CONSTANT_CONVERSION = YES;
				CLANG_WARN_DIRECT_OBJC_ISA_USAGE = YES_ERROR;
				CLANG_WARN_EMPTY_BODY = YES;
				CLANG_WARN_ENUM_CONVERSION = YES;
				CLANG_WARN_INT_CONVERSION = YES;
				CLANG_WARN_OBJC_ROOT_CLASS = YES_ERROR;
				CLANG_WARN_UNREACHABLE_CODE = YES;
				CLANG_WARN__DUPLICATE_METHOD_MATCH = YES;
				"CODE_SIGN_IDENTITY[sdk=iphoneos*]" = "iPhone Developer";
				COPY_PHASE_STRIP = NO;
				DEBUG_INFORMATION_FORMAT = dwarf;
				ENABLE_STRICT_OBJC_MSGSEND = YES;
				ENABLE_TESTABILITY = YES;
				GCC_C_LANGUAGE_STANDARD = gnu99;
				GCC_DYNAMIC_NO_PIC = NO;
				GCC_NO_COMMON_BLOCKS = YES;
				GCC_OPTIMIZATION_LEVEL = 0;
				GCC_PREPROCESSOR_DEFINITIONS = (
					"DEBUG=1",
					"$(inherited)",
				);
				GCC_WARN_64_TO_32_BIT_CONVERSION = YES;
				GCC_WARN_ABOUT_RETURN_TYPE = YES_ERROR;
				GCC_WARN_UNDECLARED_SELECTOR = YES;
				GCC_WARN_UNINITIALIZED_AUTOS = YES_AGGRESSIVE;
				GCC_WARN_UNUSED_FUNCTION = YES;
				GCC_WARN_UNUSED_VARIABLE = YES;
				IPHONEOS_DEPLOYMENT_TARGET = 9.3;
				MTL_ENABLE_DEBUG_INFO = YES;
				ONLY_ACTIVE_ARCH = YES;
				SDKROOT = iphoneos;
				SWIFT_OPTIMIZATION_LEVEL = "-Onone";
				TARGETED_DEVICE_FAMILY = "1,2";
			};
			name = Debug;
		};
		848D9A571E6E56DF00666261 /* Release */ = {
			isa = XCBuildConfiguration;
			buildSettings = {
				ALWAYS_SEARCH_USER_PATHS = NO;
				CLANG_ANALYZER_NONNULL = YES;
				CLANG_CXX_LANGUAGE_STANDARD = "gnu++0x";
				CLANG_CXX_LIBRARY = "libc++";
				CLANG_ENABLE_MODULES = YES;
				CLANG_ENABLE_OBJC_ARC = YES;
				CLANG_WARN_BOOL_CONVERSION = YES;
				CLANG_WARN_CONSTANT_CONVERSION = YES;
				CLANG_WARN_DIRECT_OBJC_ISA_USAGE = YES_ERROR;
				CLANG_WARN_EMPTY_BODY = YES;
				CLANG_WARN_ENUM_CONVERSION = YES;
				CLANG_WARN_INT_CONVERSION = YES;
				CLANG_WARN_OBJC_ROOT_CLASS = YES_ERROR;
				CLANG_WARN_UNREACHABLE_CODE = YES;
				CLANG_WARN__DUPLICATE_METHOD_MATCH = YES;
				"CODE_SIGN_IDENTITY[sdk=iphoneos*]" = "iPhone Developer";
				COPY_PHASE_STRIP = NO;
				DEBUG_INFORMATION_FORMAT = "dwarf-with-dsym";
				ENABLE_NS_ASSERTIONS = NO;
				ENABLE_STRICT_OBJC_MSGSEND = YES;
				GCC_C_LANGUAGE_STANDARD = gnu99;
				GCC_NO_COMMON_BLOCKS = YES;
				GCC_WARN_64_TO_32_BIT_CONVERSION = YES;
				GCC_WARN_ABOUT_RETURN_TYPE = YES_ERROR;
				GCC_WARN_UNDECLARED_SELECTOR = YES;
				GCC_WARN_UNINITIALIZED_AUTOS = YES_AGGRESSIVE;
				GCC_WARN_UNUSED_FUNCTION = YES;
				GCC_WARN_UNUSED_VARIABLE = YES;
				IPHONEOS_DEPLOYMENT_TARGET = 9.3;
				MTL_ENABLE_DEBUG_INFO = NO;
				SDKROOT = iphoneos;
				TARGETED_DEVICE_FAMILY = "1,2";
				VALIDATE_PRODUCT = YES;
			};
			name = Release;
		};
		848D9A591E6E56DF00666261 /* Debug */ = {
			isa = XCBuildConfiguration;
			buildSettings = {
				ASSETCATALOG_COMPILER_APPICON_NAME = AppIcon;
				INFOPLIST_FILE = GameCoVua/Info.plist;
				LD_RUNPATH_SEARCH_PATHS = "$(inherited) @executable_path/Frameworks";
				PRODUCT_BUNDLE_IDENTIFIER = Personal.GameCoVua;
				PRODUCT_NAME = "$(TARGET_NAME)";
			};
			name = Debug;
		};
		848D9A5A1E6E56DF00666261 /* Release */ = {
			isa = XCBuildConfiguration;
			buildSettings = {
				ASSETCATALOG_COMPILER_APPICON_NAME = AppIcon;
				INFOPLIST_FILE = GameCoVua/Info.plist;
				LD_RUNPATH_SEARCH_PATHS = "$(inherited) @executable_path/Frameworks";
				PRODUCT_BUNDLE_IDENTIFIER = Personal.GameCoVua;
				PRODUCT_NAME = "$(TARGET_NAME)";
			};
			name = Release;
		};
/* End XCBuildConfiguration section */

/* Begin XCConfigurationList section */
		848D9A411E6E56DE00666261 /* Build configuration list for PBXProject "GameCoVua" */ = {
			isa = XCConfigurationList;
			buildConfigurations = (
				848D9A561E6E56DF00666261 /* Debug */,
				848D9A571E6E56DF00666261 /* Release */,
			);
			defaultConfigurationIsVisible = 0;
			defaultConfigurationName = Release;
		};
		848D9A581E6E56DF00666261 /* Build configuration list for PBXNativeTarget "GameCoVua" */ = {
			isa = XCConfigurationList;
			buildConfigurations = (
				848D9A591E6E56DF00666261 /* Debug */,
				848D9A5A1E6E56DF00666261 /* Release */,
			);
			defaultConfigurationIsVisible = 0;
			defaultConfigurationName = Release;
		};
/* End XCConfigurationList section */
	};
	rootObject = 848D9A3E1E6E56DE00666261 /* Project object */;
}
